
Microsoft Visual Studio Solution File, Format Version 12.00
# Visual Studio Version 17
VisualStudioVersion = 17.11.35303.130
MinimumVisualStudioVersion = 10.0.40219.1
Project("{2150E333-8FDC-42A3-9474-1A3956D46DE8}") = "Task0", "Task0", "{292BB37E-DDF8-420C-81C9-F82228F35264}"
EndProject
Project("{FAE04EC0-301F-11D3-BF4B-00C04F79EFBC}") = "Tyuiu.MarkvoSE.Sprint0.Task0.V0", "Tyuiu.MarkvoSE.Sprint0.Task0.V0\Tyuiu.MarkvoSE.Sprint0.Task0.V0.csproj", "{F89C66EC-550D-4D38-8AE3-CFF35B1F9399}"
EndProject
Project("{2150E333-8FDC-42A3-9474-1A3956D46DE8}") = "Task1", "Task1", "{F47302C2-664C-4C13-80C1-10254D7140B0}"
EndProject
Project("{FAE04EC0-301F-11D3-BF4B-00C04F79EFBC}") = "Tyuiu.MarkovSE.Sprint0.Task1.V0", "Tyuiu.MarkovSE.Sprint0.Task1.V0\Tyuiu.MarkovSE.Sprint0.Task1.V0.csproj", "{AF7E49D1-5822-49D8-B17D-A5E4220E606A}"
EndProject
Project("{2150E333-8FDC-42A3-9474-1A3956D46DE8}") = "Task2", "Task2", "{109780CF-8FC9-4147-8D13-77D228E83F3F}"
EndProject
Project("{FAE04EC0-301F-11D3-BF4B-00C04F79EFBC}") = "Tyuiu.MarkvoSE.Sprint0.Task2.V0", "Tyuiu.MarkvoSE.Sprint0.Task2.V0\Tyuiu.MarkvoSE.Sprint0.Task2.V0.csproj", "{04BA9771-A5F1-4B4A-A7E5-B44AB2CD2AFB}"
EndProject
Project("{FAE04EC0-301F-11D3-BF4B-00C04F79EFBC}") = "Tyuiu.MarkvoSE.Sprint0.Task2.V0.Lib", "Tyuiu.MarkvoSE.Sprint0.Task2.V0.Lib\Tyuiu.MarkvoSE.Sprint0.Task2.V0.Lib.csproj", "{D0339723-9A39-4A58-A061-B1A3011E1D0C}"
EndProject
Project("{FAE04EC0-301F-11D3-BF4B-00C04F79EFBC}") = "Tyuiu.MarkvoSE.Sprint0.Task2.V0.Test", "Tyuiu.MarkvoSE.Sprint0.Task2.V0.Test\Tyuiu.MarkvoSE.Sprint0.Task2.V0.Test.csproj", "{A94E7838-2EB2-4798-A262-7BAC931F3C20}"
EndProject
Project("{2150E333-8FDC-42A3-9474-1A3956D46DE8}") = "Task3", "Task3", "{1211D2E7-3971-423C-9CA2-7E5E9C88F60A}"
EndProject
Project("{FAE04EC0-301F-11D3-BF4B-00C04F79EFBC}") = "Tyuiu.MarkvoSE.Sprint0.Task3.V0", "Tyuiu.MarkvoSE.Sprint0.Task3.V0\Tyuiu.MarkvoSE.Sprint0.Task3.V0.csproj", "{59FF008A-D3A9-455A-AEE0-D3D39CF9D147}"
EndProject
Project("{FAE04EC0-301F-11D3-BF4B-00C04F79EFBC}") = "Tyuiu.MarkvoSE.Sprint0.Task3.V0.Lib", "Tyuiu.MarkvoSE.Sprint0.Task3.V0.Lib\Tyuiu.MarkvoSE.Sprint0.Task3.V0.Lib.csproj", "{9A9C2179-DD45-4EA6-BB8D-2B290B386D37}"
EndProject
Project("{FAE04EC0-301F-11D3-BF4B-00C04F79EFBC}") = "Tyuiu.MarkvoSE.Sprint0.Task3.V0.Test", "Tyuiu.MarkvoSE.Sprint0.Task3.V0.Test\Tyuiu.MarkvoSE.Sprint0.Task3.V0.Test.csproj", "{6767BF49-AA54-47DC-97E3-8A2EBFEB4512}"
EndProject
Project("{2150E333-8FDC-42A3-9474-1A3956D46DE8}") = "Task4", "Task4", "{B7FFF693-8460-4BA7-8A1D-FCF3974B2B16}"
EndProject
Project("{FAE04EC0-301F-11D3-BF4B-00C04F79EFBC}") = "Tyuiu.MarkvoSE.Sprint0.Task4.V0", "Tyuiu.MarkvoSE.Sprint0.Task4.V0\Tyuiu.MarkvoSE.Sprint0.Task4.V0.csproj", "{77CCE8F9-05F0-495F-A4D6-C9E7EF4DB660}"
EndProject
Project("{FAE04EC0-301F-11D3-BF4B-00C04F79EFBC}") = "Tyuiu.MarkvoSE.Sprint0.Task4.V0.Test", "Tyuiu.MarkvoSE.Sprint0.Task4.V0.Test\Tyuiu.MarkvoSE.Sprint0.Task4.V0.Test.csproj", "{FE3A0399-223F-4898-8480-A5CE340F2017}"
EndProject
Project("{FAE04EC0-301F-11D3-BF4B-00C04F79EFBC}") = "Tyuiu.MarkvoSE.Sprint0.Task4.V0.Lib", "Tyuiu.MarkvoSE.Sprint0.Task4.V0.Lib\Tyuiu.MarkvoSE.Sprint0.Task4.V0.Lib.csproj", "{2488D33F-D2EC-4498-BF03-818E9200194E}"
EndProject
Project("{2150E333-8FDC-42A3-9474-1A3956D46DE8}") = "Task5", "Task5", "{02FDA214-5F53-45AF-8022-419DFB9D78A8}"
EndProject
Project("{FAE04EC0-301F-11D3-BF4B-00C04F79EFBC}") = "Tyuiu.MarkvoSE.Sprint0.Task5.V0.Lib", "Tyuiu.MarkvoSE.Sprint0.Task5.V0.Lib\Tyuiu.MarkvoSE.Sprint0.Task5.V0.Lib.csproj", "{ED79E9F5-EE93-4BFA-894C-713AFA913F68}"
EndProject
Project("{FAE04EC0-301F-11D3-BF4B-00C04F79EFBC}") = "Tyuiu.MarkvoSE.Sprint0.Task5.V0.Test", "Tyuiu.MarkvoSE.Sprint0.Task5.V0\Tyuiu.MarkvoSE.Sprint0.Task5.V0.Test.csproj", "{F4504A7A-45C0-411F-96AC-1BDC53B98F49}"
EndProject
Project("{FAE04EC0-301F-11D3-BF4B-00C04F79EFBC}") = "Tyuiu.MarkvoSE.Sprint0.Task5.V0", "Tyuiu.MarkvoSE.Sprint0.Task5.Vo.Test\Tyuiu.MarkvoSE.Sprint0.Task5.V0.csproj", "{4DD4AC9D-DFEA-43C3-BEA0-E1E485EAA6A2}"
EndProject
Global
	GlobalSection(SolutionConfigurationPlatforms) = preSolution
		Debug|Any CPU = Debug|Any CPU
		Release|Any CPU = Release|Any CPU
	EndGlobalSection
	GlobalSection(ProjectConfigurationPlatforms) = postSolution
		{F89C66EC-550D-4D38-8AE3-CFF35B1F9399}.Debug|Any CPU.ActiveCfg = Debug|Any CPU
		{F89C66EC-550D-4D38-8AE3-CFF35B1F9399}.Debug|Any CPU.Build.0 = Debug|Any CPU
		{F89C66EC-550D-4D38-8AE3-CFF35B1F9399}.Release|Any CPU.ActiveCfg = Release|Any CPU
		{F89C66EC-550D-4D38-8AE3-CFF35B1F9399}.Release|Any CPU.Build.0 = Release|Any CPU
		{AF7E49D1-5822-49D8-B17D-A5E4220E606A}.Debug|Any CPU.ActiveCfg = Debug|Any CPU
		{AF7E49D1-5822-49D8-B17D-A5E4220E606A}.Debug|Any CPU.Build.0 = Debug|Any CPU
		{AF7E49D1-5822-49D8-B17D-A5E4220E606A}.Release|Any CPU.ActiveCfg = Release|Any CPU
		{AF7E49D1-5822-49D8-B17D-A5E4220E606A}.Release|Any CPU.Build.0 = Release|Any CPU
		{04BA9771-A5F1-4B4A-A7E5-B44AB2CD2AFB}.Debug|Any CPU.ActiveCfg = Debug|Any CPU
		{04BA9771-A5F1-4B4A-A7E5-B44AB2CD2AFB}.Debug|Any CPU.Build.0 = Debug|Any CPU
		{04BA9771-A5F1-4B4A-A7E5-B44AB2CD2AFB}.Release|Any CPU.ActiveCfg = Release|Any CPU
		{04BA9771-A5F1-4B4A-A7E5-B44AB2CD2AFB}.Release|Any CPU.Build.0 = Release|Any CPU
		{D0339723-9A39-4A58-A061-B1A3011E1D0C}.Debug|Any CPU.ActiveCfg = Debug|Any CPU
		{D0339723-9A39-4A58-A061-B1A3011E1D0C}.Debug|Any CPU.Build.0 = Debug|Any CPU
		{D0339723-9A39-4A58-A061-B1A3011E1D0C}.Release|Any CPU.ActiveCfg = Release|Any CPU
		{D0339723-9A39-4A58-A061-B1A3011E1D0C}.Release|Any CPU.Build.0 = Release|Any CPU
		{A94E7838-2EB2-4798-A262-7BAC931F3C20}.Debug|Any CPU.ActiveCfg = Debug|Any CPU
		{A94E7838-2EB2-4798-A262-7BAC931F3C20}.Debug|Any CPU.Build.0 = Debug|Any CPU
		{A94E7838-2EB2-4798-A262-7BAC931F3C20}.Release|Any CPU.ActiveCfg = Release|Any CPU
		{A94E7838-2EB2-4798-A262-7BAC931F3C20}.Release|Any CPU.Build.0 = Release|Any CPU
		{59FF008A-D3A9-455A-AEE0-D3D39CF9D147}.Debug|Any CPU.ActiveCfg = Debug|Any CPU
		{59FF008A-D3A9-455A-AEE0-D3D39CF9D147}.Debug|Any CPU.Build.0 = Debug|Any CPU
		{59FF008A-D3A9-455A-AEE0-D3D39CF9D147}.Release|Any CPU.ActiveCfg = Release|Any CPU
		{59FF008A-D3A9-455A-AEE0-D3D39CF9D147}.Release|Any CPU.Build.0 = Release|Any CPU
		{9A9C2179-DD45-4EA6-BB8D-2B290B386D37}.Debug|Any CPU.ActiveCfg = Debug|Any CPU
		{9A9C2179-DD45-4EA6-BB8D-2B290B386D37}.Debug|Any CPU.Build.0 = Debug|Any CPU
		{9A9C2179-DD45-4EA6-BB8D-2B290B386D37}.Release|Any CPU.ActiveCfg = Release|Any CPU
		{9A9C2179-DD45-4EA6-BB8D-2B290B386D37}.Release|Any CPU.Build.0 = Release|Any CPU
		{6767BF49-AA54-47DC-97E3-8A2EBFEB4512}.Debug|Any CPU.ActiveCfg = Debug|Any CPU
		{6767BF49-AA54-47DC-97E3-8A2EBFEB4512}.Debug|Any CPU.Build.0 = Debug|Any CPU
		{6767BF49-AA54-47DC-97E3-8A2EBFEB4512}.Release|Any CPU.ActiveCfg = Release|Any CPU
		{6767BF49-AA54-47DC-97E3-8A2EBFEB4512}.Release|Any CPU.Build.0 = Release|Any CPU
		{77CCE8F9-05F0-495F-A4D6-C9E7EF4DB660}.Debug|Any CPU.ActiveCfg = Debug|Any CPU
		{77CCE8F9-05F0-495F-A4D6-C9E7EF4DB660}.Debug|Any CPU.Build.0 = Debug|Any CPU
		{77CCE8F9-05F0-495F-A4D6-C9E7EF4DB660}.Release|Any CPU.ActiveCfg = Release|Any CPU
		{77CCE8F9-05F0-495F-A4D6-C9E7EF4DB660}.Release|Any CPU.Build.0 = Release|Any CPU
		{FE3A0399-223F-4898-8480-A5CE340F2017}.Debug|Any CPU.ActiveCfg = Debug|Any CPU
		{FE3A0399-223F-4898-8480-A5CE340F2017}.Debug|Any CPU.Build.0 = Debug|Any CPU
		{FE3A0399-223F-4898-8480-A5CE340F2017}.Release|Any CPU.ActiveCfg = Release|Any CPU
		{FE3A0399-223F-4898-8480-A5CE340F2017}.Release|Any CPU.Build.0 = Release|Any CPU
		{2488D33F-D2EC-4498-BF03-818E9200194E}.Debug|Any CPU.ActiveCfg = Debug|Any CPU
		{2488D33F-D2EC-4498-BF03-818E9200194E}.Debug|Any CPU.Build.0 = Debug|Any CPU
		{2488D33F-D2EC-4498-BF03-818E9200194E}.Release|Any CPU.ActiveCfg = Release|Any CPU
		{2488D33F-D2EC-4498-BF03-818E9200194E}.Release|Any CPU.Build.0 = Release|Any CPU
		{ED79E9F5-EE93-4BFA-894C-713AFA913F68}.Debug|Any CPU.ActiveCfg = Debug|Any CPU
		{ED79E9F5-EE93-4BFA-894C-713AFA913F68}.Debug|Any CPU.Build.0 = Debug|Any CPU
		{ED79E9F5-EE93-4BFA-894C-713AFA913F68}.Release|Any CPU.ActiveCfg = Release|Any CPU
		{ED79E9F5-EE93-4BFA-894C-713AFA913F68}.Release|Any CPU.Build.0 = Release|Any CPU
		{F4504A7A-45C0-411F-96AC-1BDC53B98F49}.Debug|Any CPU.ActiveCfg = Debug|Any CPU
		{F4504A7A-45C0-411F-96AC-1BDC53B98F49}.Debug|Any CPU.Build.0 = Debug|Any CPU
		{F4504A7A-45C0-411F-96AC-1BDC53B98F49}.Release|Any CPU.ActiveCfg = Release|Any CPU
		{F4504A7A-45C0-411F-96AC-1BDC53B98F49}.Release|Any CPU.Build.0 = Release|Any CPU
		{4DD4AC9D-DFEA-43C3-BEA0-E1E485EAA6A2}.Debug|Any CPU.ActiveCfg = Debug|Any CPU
		{4DD4AC9D-DFEA-43C3-BEA0-E1E485EAA6A2}.Debug|Any CPU.Build.0 = Debug|Any CPU
		{4DD4AC9D-DFEA-43C3-BEA0-E1E485EAA6A2}.Release|Any CPU.ActiveCfg = Release|Any CPU
		{4DD4AC9D-DFEA-43C3-BEA0-E1E485EAA6A2}.Release|Any CPU.Build.0 = Release|Any CPU
	EndGlobalSection
	GlobalSection(SolutionProperties) = preSolution
		HideSolutionNode = FALSE
	EndGlobalSection
	GlobalSection(NestedProjects) = preSolution
		{F89C66EC-550D-4D38-8AE3-CFF35B1F9399} = {292BB37E-DDF8-420C-81C9-F82228F35264}
		{AF7E49D1-5822-49D8-B17D-A5E4220E606A} = {F47302C2-664C-4C13-80C1-10254D7140B0}
		{04BA9771-A5F1-4B4A-A7E5-B44AB2CD2AFB} = {109780CF-8FC9-4147-8D13-77D228E83F3F}
		{D0339723-9A39-4A58-A061-B1A3011E1D0C} = {109780CF-8FC9-4147-8D13-77D228E83F3F}
		{A94E7838-2EB2-4798-A262-7BAC931F3C20} = {109780CF-8FC9-4147-8D13-77D228E83F3F}
		{59FF008A-D3A9-455A-AEE0-D3D39CF9D147} = {1211D2E7-3971-423C-9CA2-7E5E9C88F60A}
		{9A9C2179-DD45-4EA6-BB8D-2B290B386D37} = {1211D2E7-3971-423C-9CA2-7E5E9C88F60A}
		{6767BF49-AA54-47DC-97E3-8A2EBFEB4512} = {1211D2E7-3971-423C-9CA2-7E5E9C88F60A}
		{77CCE8F9-05F0-495F-A4D6-C9E7EF4DB660} = {B7FFF693-8460-4BA7-8A1D-FCF3974B2B16}
		{FE3A0399-223F-4898-8480-A5CE340F2017} = {B7FFF693-8460-4BA7-8A1D-FCF3974B2B16}
		{2488D33F-D2EC-4498-BF03-818E9200194E} = {B7FFF693-8460-4BA7-8A1D-FCF3974B2B16}
		{ED79E9F5-EE93-4BFA-894C-713AFA913F68} = {02FDA214-5F53-45AF-8022-419DFB9D78A8}
		{F4504A7A-45C0-411F-96AC-1BDC53B98F49} = {02FDA214-5F53-45AF-8022-419DFB9D78A8}
		{4DD4AC9D-DFEA-43C3-BEA0-E1E485EAA6A2} = {02FDA214-5F53-45AF-8022-419DFB9D78A8}
	EndGlobalSection
	GlobalSection(ExtensibilityGlobals) = postSolution
		SolutionGuid = {D6FABD87-B628-4E54-B671-61BB1484ED19}
	EndGlobalSection
EndGlobal
